# This file is automatically @generated by pesde.
# It is not intended for manual editing.
format = 2
name = "alicesaidhi/jabby"
version = "0.1.0"
target = "roblox"

[workspace."alicesaidhi/jabby_core"]
roblox = "modules/jabby_core"

[workspace."alicesaidhi/jabby_ecs_registry"]
roblox = "modules/jabby_ecs_registry"

[workspace."alicesaidhi/jabby_ecs_registry_ecr"]
roblox = "modules/jabby_ecs_registry_ecr"

[workspace."alicesaidhi/jabby_home"]
roblox = "modules/jabby_home"

[workspace."alicesaidhi/jabby_net"]
roblox = "modules/jabby_net"

[workspace."alicesaidhi/jabby_query_parser"]
roblox = "modules/jabby_query_parser"

[workspace."alicesaidhi/jabby_types"]
roblox = "modules/jabby_types"

[workspace."alicesaidhi/jabby_ui"]
roblox = "modules/jabby_ui"

[workspace."alicesaidhi/jabby_util"]
roblox = "modules/jabby_util"

[workspace."alicesaidhi/lua_object_notation"]
roblox = "modules/lua_object_notation"

[workspace."alicesaidhi/lua_preview_notation"]
roblox = "modules/lua_preview_notation"

[graph."0x5eal/unzip@0.1.3 luau".pkg_ref]
ref_ty = "pesde"
index_url = "https://github.com/pesde-pkg/index"

[graph."0x5eal/unzip@0.1.3 luau".pkg_ref.dependencies]
asciitable = [{ name = "kimpure/asciitable", version = "^0.2.1", index = "https://github.com/pesde-pkg/index" }, "dev"]
frktest = [{ name = "itsfrank/frktest", version = "^0.0.2", index = "https://github.com/pesde-pkg/index", target = "lune" }, "dev"]
luau-lsp = [{ name = "pesde/luau_lsp", version = "=1.39.2", index = "https://github.com/pesde-pkg/index", target = "lune" }, "dev"]
stylua = [{ name = "pesde/stylua", version = "=2.0.2", index = "https://github.com/pesde-pkg/index", target = "lune" }, "dev"]

[graph."corecii/greentea@0.4.11 lune".pkg_ref]
ref_ty = "pesde"
index_url = "https://github.com/daimond113/pesde-index"

[graph."jiwonz/dirs@0.3.0 lune".dependencies]
greentea = ["corecii/greentea@0.4.11 lune", "standard"]
pathfs = ["jiwonz/pathfs@0.3.2 lune", "standard"]

[graph."jiwonz/dirs@0.3.0 lune".pkg_ref]
ref_ty = "pesde"
index_url = "https://github.com/pesde-pkg/index"

[graph."jiwonz/dirs@0.3.0 lune".pkg_ref.dependencies]
greentea = [{ name = "corecii/greentea", version = "^0.4.10", index = "https://github.com/daimond113/pesde-index" }, "standard"]
luau_lsp = [{ name = "pesde/luau_lsp", version = "^1.38.1", index = "https://github.com/daimond113/pesde-index" }, "dev"]
pathfs = [{ name = "jiwonz/pathfs", version = "^0.3.0", index = "https://github.com/daimond113/pesde-index" }, "standard"]
selene = [{ name = "pesde/selene", version = "^0.28.0", index = "https://github.com/daimond113/pesde-index" }, "dev"]
stylua = [{ name = "pesde/stylua", version = "^2.0.2", index = "https://github.com/daimond113/pesde-index" }, "dev"]

[graph."jiwonz/luau_disk@0.1.4 luau".pkg_ref]
ref_ty = "pesde"
index_url = "https://github.com/pesde-pkg/index"

[graph."jiwonz/luau_path@0.1.4 luau".dependencies]
luau_disk = ["jiwonz/luau_disk@0.1.4 luau", "standard"]

[graph."jiwonz/luau_path@0.1.4 luau".pkg_ref]
ref_ty = "pesde"
index_url = "https://github.com/daimond113/pesde-index"

[graph."jiwonz/luau_path@0.1.4 luau".pkg_ref.dependencies]
luau_disk = [{ name = "jiwonz/luau_disk", version = "^0.1.4", index = "https://github.com/pesde-pkg/index" }, "standard"]

[graph."jiwonz/pathfs@0.3.2 lune".dependencies]
greentea = ["corecii/greentea@0.4.11 lune", "standard"]
luau_path = ["jiwonz/luau_path@0.1.4 luau", "standard"]

[graph."jiwonz/pathfs@0.3.2 lune".pkg_ref]
ref_ty = "pesde"
index_url = "https://github.com/pesde-pkg/index"

[graph."jiwonz/pathfs@0.3.2 lune".pkg_ref.dependencies]
frktest = [{ name = "itsfrank/frktest", version = "^0.0.2", index = "https://github.com/daimond113/pesde-index" }, "dev"]
greentea = [{ name = "corecii/greentea", version = "^0.4.11", index = "https://github.com/daimond113/pesde-index" }, "standard"]
luau_check = [{ name = "jiwonz/luau_check", version = "^0.3.8", index = "https://github.com/daimond113/pesde-index" }, "dev"]
luau_path = [{ name = "jiwonz/luau_path", version = "^0.1.1", index = "https://github.com/daimond113/pesde-index", target = "luau" }, "standard"]

[graph."lukadev_0/option@1.2.0 lune".pkg_ref]
ref_ty = "pesde"
index_url = "https://github.com/pesde-pkg/index"

[graph."lukadev_0/result@1.2.0 lune".pkg_ref]
ref_ty = "pesde"
index_url = "https://github.com/pesde-pkg/index"

[graph."pesde/rojo@7.5.1 lune"]
direct = ["rojo", { name = "pesde/rojo", version = "^7.4.4", index = "default", target = "lune" }, "dev"]

[graph."pesde/rojo@7.5.1 lune".dependencies]
core = ["pesde/toolchainlib@0.1.15 lune", "standard"]
option = ["lukadev_0/option@1.2.0 lune", "standard"]
result = ["lukadev_0/result@1.2.0 lune", "standard"]

[graph."pesde/rojo@7.5.1 lune".pkg_ref]
ref_ty = "pesde"
index_url = "https://github.com/pesde-pkg/index"

[graph."pesde/rojo@7.5.1 lune".pkg_ref.dependencies]
core = [{ name = "pesde/toolchainlib", version = "^0.1.13", index = "https://github.com/pesde-pkg/index", target = "lune" }, "standard"]
option = [{ name = "lukadev_0/option", version = "^1.2.0", index = "https://github.com/pesde-pkg/index" }, "standard"]
result = [{ name = "lukadev_0/result", version = "^1.2.0", index = "https://github.com/pesde-pkg/index" }, "standard"]

[graph."pesde/scripts_core@0.0.1 lune".pkg_ref]
ref_ty = "pesde"
index_url = "https://github.com/pesde-pkg/index"

[graph."pesde/scripts_core@0.0.1 lune".pkg_ref.dependencies]
frktest = [{ name = "itsfrank/frktest", version = "^0.0.2", index = "https://github.com/pesde-pkg/index" }, "dev"]
luau-lsp = [{ name = "pesde/luau_lsp", version = "^1.36.0", index = "https://github.com/pesde-pkg/index" }, "dev"]
pathfs = [{ name = "jiwonz/pathfs", version = "^0.1.0", index = "https://github.com/pesde-pkg/index" }, "dev"]
stylua = [{ name = "pesde/stylua", version = "^2.0.1", index = "https://github.com/pesde-pkg/index" }, "dev"]

[graph."pesde/scripts_rojo@0.1.0 lune"]
direct = ["scripts", { name = "pesde/scripts_rojo", version = "^0.1.0", index = "default", target = "lune" }, "dev"]

[graph."pesde/scripts_rojo@0.1.0 lune".dependencies]
core = ["pesde/scripts_core@0.0.1 lune", "standard"]
rojo = ["pesde/rojo@7.5.1 lune", "peer"]

[graph."pesde/scripts_rojo@0.1.0 lune".pkg_ref]
ref_ty = "pesde"
index_url = "https://github.com/pesde-pkg/index"

[graph."pesde/scripts_rojo@0.1.0 lune".pkg_ref.dependencies]
core = [{ name = "pesde/scripts_core", version = "^0.0.1", index = "https://github.com/pesde-pkg/index", target = "lune" }, "standard"]
rojo = [{ name = "pesde/rojo", version = "^7.4.4", index = "https://github.com/pesde-pkg/index" }, "peer"]

[graph."pesde/toolchainlib@0.1.15 lune".dependencies]
dirs = ["jiwonz/dirs@0.3.0 lune", "standard"]
option = ["lukadev_0/option@1.2.0 lune", "peer"]
pathfs = ["jiwonz/pathfs@0.3.2 lune", "standard"]
result = ["lukadev_0/result@1.2.0 lune", "peer"]
unzip = ["0x5eal/unzip@0.1.3 luau", "standard"]

[graph."pesde/toolchainlib@0.1.15 lune".pkg_ref]
ref_ty = "pesde"
index_url = "https://github.com/pesde-pkg/index"

[graph."pesde/toolchainlib@0.1.15 lune".pkg_ref.dependencies]
dirs = [{ name = "jiwonz/dirs", version = "^0.3.0", index = "https://github.com/pesde-pkg/index" }, "standard"]
option = [{ name = "lukadev_0/option", version = "^1.2.0", index = "https://github.com/pesde-pkg/index" }, "peer"]
pathfs = [{ name = "jiwonz/pathfs", version = "^0.3.0", index = "https://github.com/pesde-pkg/index" }, "standard"]
result = [{ name = "lukadev_0/result", version = "^1.2.0", index = "https://github.com/pesde-pkg/index" }, "peer"]
unzip = [{ name = "0x5eal/unzip", version = "^0.1.0", index = "https://github.com/pesde-pkg/index", target = "luau" }, "standard"]
