# This file is automatically @generated by Wally.
# It is not intended for manual editing.
registry = "test"

[[package]]
name = "alicesaidhi/jorp"
version = "0.1.0"
dependencies = [["jecs", "ukendio/jecs@0.3.0-rc.0"], ["t", "corecii/greentea@0.4.7"], ["vide", "centau/vide@0.2.0"]]

[[package]]
name = "centau/vide"
version = "0.2.0"
dependencies = []

[[package]]
name = "corecii/greentea"
version = "0.4.7"
dependencies = []

[[package]]
name = "ukendio/jecs"
version = "0.3.0-rc.0"
dependencies = []
