# This file is automatically @generated by pesde.
# It is not intended for manual editing.
format = 2
name = "alicesaidhi/jabby_ui"
version = "0.1.0-test.2"
target = "roblox"

[graph."wally#centau/vide@0.4.0 roblox"]
direct = ["vide", { wally = "wally#centau/vide", version = "^0.4.0", index = "default" }, "standard"]

[graph."wally#centau/vide@0.4.0 roblox".pkg_ref]
ref_ty = "wally"
index_url = "https://github.com/upliftgames/wally-index"

[graph."wally#pepeeltoro41/ui-labs@2.3.8 roblox"]
direct = ["ui_labs", { wally = "wally#pepeeltoro41/ui-labs", version = "^2.3.8", index = "default" }, "dev"]

[graph."wally#pepeeltoro41/ui-labs@2.3.8 roblox".pkg_ref]
ref_ty = "wally"
index_url = "https://github.com/upliftgames/wally-index"
