# This file is automatically @generated by pesde.
# It is not intended for manual editing.
format = 2
name = "alicesaidhi/jabby_ui"
version = "0.1.0"
target = "roblox"

[graph."alicesaidhi/vide@0.4.1-testing.4 roblox"]
direct = ["vide", { name = "alicesaidhi/vide", version = "^0.4.1-test.4", index = "default" }, "standard"]

[graph."alicesaidhi/vide@0.4.1-testing.4 roblox".pkg_ref]
ref_ty = "pesde"
index_url = "https://github.com/daimond113/pesde-index"

[graph."wally#pepeeltoro41/ui-labs@2.3.8 roblox"]
direct = ["ui_labs", { wally = "wally#pepeeltoro41/ui-labs", version = "^2.3.8", index = "default" }, "dev"]

[graph."wally#pepeeltoro41/ui-labs@2.3.8 roblox".pkg_ref]
ref_ty = "wally"
index_url = "https://github.com/upliftgames/wally-index"
