# This file is automatically @generated by pesde.
# It is not intended for manual editing.
format = 1
name = "alicesaidhi/jabby_core"
version = "0.1.0"
target = "roblox"

[graph."alicesaidhi/jabby_types@0.1.0 roblox"]
direct = ["jabby_types", { workspace = "alicesaidhi/jabby_types", version = "^" }, "standard"]
resolved_ty = "standard"

[graph."alicesaidhi/jabby_types@0.1.0 roblox".pkg_ref]
ref_ty = "workspace"
path = "modules/jabby_types"
